// !$*UTF8*$!
{
	archiveVersion = 1;
	classes = {
	};
	objectVersion = 55;
	objects = {

/* Begin PBXBuildFile section */
		3F86531D281BEBB100E60CEE /* AppDelegate.swift in Sources */ = {isa = PBXBuildFile; fileRef = 3F86531C281BEBB100E60CEE /* AppDelegate.swift */; };
		3F86531F281BEBB100E60CEE /* SceneDelegate.swift in Sources */ = {isa = PBXBuildFile; fileRef = 3F86531E281BEBB100E60CEE /* SceneDelegate.swift */; };
		3F865321281BEBB100E60CEE /* SingInViewController.swift in Sources */ = {isa = PBXBuildFile; fileRef = 3F865320281BEBB100E60CEE /* SingInViewController.swift */; };
		3F865324281BEBB100E60CEE /* Main.storyboard in Resources */ = {isa = PBXBuildFile; fileRef = 3F865322281BEBB100E60CEE /* Main.storyboard */; };
		3F865326281BEBB200E60CEE /* Assets.xcassets in Resources */ = {isa = PBXBuildFile; fileRef = 3F865325281BEBB200E60CEE /* Assets.xcassets */; };
		3F865329281BEBB200E60CEE /* LaunchScreen.storyboard in Resources */ = {isa = PBXBuildFile; fileRef = 3F865327281BEBB200E60CEE /* LaunchScreen.storyboard */; };
		3F865332281BEC2200E60CEE /* SwiftyJSON in Frameworks */ = {isa = PBXBuildFile; productRef = 3F865331281BEC2200E60CEE /* SwiftyJSON */; };
		3F865335281BEDE200E60CEE /* Alamofire in Frameworks */ = {isa = PBXBuildFile; productRef = 3F865334281BEDE200E60CEE /* Alamofire */; };
		3F865344281BEF2700E60CEE /* Alegreya-BlackItalic.ttf in Resources */ = {isa = PBXBuildFile; fileRef = 3F865339281BEF2600E60CEE /* Alegreya-BlackItalic.ttf */; };
		3F865345281BEF2700E60CEE /* Alegreya-ExtraBold.ttf in Resources */ = {isa = PBXBuildFile; fileRef = 3F86533A281BEF2700E60CEE /* Alegreya-ExtraBold.ttf */; };
		3F865346281BEF2700E60CEE /* Alegreya-Black.ttf in Resources */ = {isa = PBXBuildFile; fileRef = 3F86533B281BEF2700E60CEE /* Alegreya-Black.ttf */; };
		3F865347281BEF2700E60CEE /* Alegreya-Italic.ttf in Resources */ = {isa = PBXBuildFile; fileRef = 3F86533C281BEF2700E60CEE /* Alegreya-Italic.ttf */; };
		3F865348281BEF2700E60CEE /* Alegreya-Medium.ttf in Resources */ = {isa = PBXBuildFile; fileRef = 3F86533D281BEF2700E60CEE /* Alegreya-Medium.ttf */; };
		3F865349281BEF2700E60CEE /* Alegreya-MediumItalic.ttf in Resources */ = {isa = PBXBuildFile; fileRef = 3F86533E281BEF2700E60CEE /* Alegreya-MediumItalic.ttf */; };
		3F86534A281BEF2700E60CEE /* Alegreya-Regular.ttf in Resources */ = {isa = PBXBuildFile; fileRef = 3F86533F281BEF2700E60CEE /* Alegreya-Regular.ttf */; };
		3F86534B281BEF2700E60CEE /* OFL.txt in Resources */ = {isa = PBXBuildFile; fileRef = 3F865340281BEF2700E60CEE /* OFL.txt */; };
		3F86534C281BEF2700E60CEE /* Alegreya-ExtraBoldItalic.ttf in Resources */ = {isa = PBXBuildFile; fileRef = 3F865341281BEF2700E60CEE /* Alegreya-ExtraBoldItalic.ttf */; };
		3F86534D281BEF2700E60CEE /* Alegreya-Bold.ttf in Resources */ = {isa = PBXBuildFile; fileRef = 3F865342281BEF2700E60CEE /* Alegreya-Bold.ttf */; };
		3F86534E281BEF2700E60CEE /* Alegreya-BoldItalic.ttf in Resources */ = {isa = PBXBuildFile; fileRef = 3F865343281BEF2700E60CEE /* Alegreya-BoldItalic.ttf */; };
/* End PBXBuildFile section */

/* Begin PBXFileReference section */
		3F865319281BEBB100E60CEE /* SkvortsovaEx.app */ = {isa = PBXFileReference; explicitFileType = wrapper.application; includeInIndex = 0; path = SkvortsovaEx.app; sourceTree = BUILT_PRODUCTS_DIR; };
		3F86531C281BEBB100E60CEE /* AppDelegate.swift */ = {isa = PBXFileReference; lastKnownFileType = sourcecode.swift; path = AppDelegate.swift; sourceTree = "<group>"; };
		3F86531E281BEBB100E60CEE /* SceneDelegate.swift */ = {isa = PBXFileReference; lastKnownFileType = sourcecode.swift; path = SceneDelegate.swift; sourceTree = "<group>"; };
		3F865320281BEBB100E60CEE /* SingInViewController.swift */ = {isa = PBXFileReference; lastKnownFileType = sourcecode.swift; path = SingInViewController.swift; sourceTree = "<group>"; };
		3F865323281BEBB100E60CEE /* Base */ = {isa = PBXFileReference; lastKnownFileType = file.storyboard; name = Base; path = Base.lproj/Main.storyboard; sourceTree = "<group>"; };
		3F865325281BEBB200E60CEE /* Assets.xcassets */ = {isa = PBXFileReference; lastKnownFileType = folder.assetcatalog; path = Assets.xcassets; sourceTree = "<group>"; };
		3F865328281BEBB200E60CEE /* Base */ = {isa = PBXFileReference; lastKnownFileType = file.storyboard; name = Base; path = Base.lproj/LaunchScreen.storyboard; sourceTree = "<group>"; };
		3F86532A281BEBB200E60CEE /* Info.plist */ = {isa = PBXFileReference; lastKnownFileType = text.plist.xml; path = Info.plist; sourceTree = "<group>"; };
		3F865339281BEF2600E60CEE /* Alegreya-BlackItalic.ttf */ = {isa = PBXFileReference; lastKnownFileType = file; path = "Alegreya-BlackItalic.ttf"; sourceTree = "<group>"; };
		3F86533A281BEF2700E60CEE /* Alegreya-ExtraBold.ttf */ = {isa = PBXFileReference; lastKnownFileType = file; path = "Alegreya-ExtraBold.ttf"; sourceTree = "<group>"; };
		3F86533B281BEF2700E60CEE /* Alegreya-Black.ttf */ = {isa = PBXFileReference; lastKnownFileType = file; path = "Alegreya-Black.ttf"; sourceTree = "<group>"; };
		3F86533C281BEF2700E60CEE /* Alegreya-Italic.ttf */ = {isa = PBXFileReference; lastKnownFileType = file; path = "Alegreya-Italic.ttf"; sourceTree = "<group>"; };
		3F86533D281BEF2700E60CEE /* Alegreya-Medium.ttf */ = {isa = PBXFileReference; lastKnownFileType = file; path = "Alegreya-Medium.ttf"; sourceTree = "<group>"; };
		3F86533E281BEF2700E60CEE /* Alegreya-MediumItalic.ttf */ = {isa = PBXFileReference; lastKnownFileType = file; path = "Alegreya-MediumItalic.ttf"; sourceTree = "<group>"; };
		3F86533F281BEF2700E60CEE /* Alegreya-Regular.ttf */ = {isa = PBXFileReference; lastKnownFileType = file; path = "Alegreya-Regular.ttf"; sourceTree = "<group>"; };
		3F865340281BEF2700E60CEE /* OFL.txt */ = {isa = PBXFileReference; fileEncoding = 4; lastKnownFileType = text; path = OFL.txt; sourceTree = "<group>"; };
		3F865341281BEF2700E60CEE /* Alegreya-ExtraBoldItalic.ttf */ = {isa = PBXFileReference; lastKnownFileType = file; path = "Alegreya-ExtraBoldItalic.ttf"; sourceTree = "<group>"; };
		3F865342281BEF2700E60CEE /* Alegreya-Bold.ttf */ = {isa = PBXFileReference; lastKnownFileType = file; path = "Alegreya-Bold.ttf"; sourceTree = "<group>"; };
		3F865343281BEF2700E60CEE /* Alegreya-BoldItalic.ttf */ = {isa = PBXFileReference; lastKnownFileType = file; path = "Alegreya-BoldItalic.ttf"; sourceTree = "<group>"; };
/* End PBXFileReference section */

/* Begin PBXFrameworksBuildPhase section */
		3F865316281BEBB100E60CEE /* Frameworks */ = {
			isa = PBXFrameworksBuildPhase;
			buildActionMask = 2147483647;
			files = (
				3F865332281BEC2200E60CEE /* SwiftyJSON in Frameworks */,
				3F865335281BEDE200E60CEE /* Alamofire in Frameworks */,
			);
			runOnlyForDeploymentPostprocessing = 0;
		};
/* End PBXFrameworksBuildPhase section */

/* Begin PBXGroup section */
		3F865310281BEBB100E60CEE = {
			isa = PBXGroup;
			children = (
				3F86531B281BEBB100E60CEE /* SkvortsovaEx */,
				3F86531A281BEBB100E60CEE /* Products */,
			);
			sourceTree = "<group>";
		};
		3F86531A281BEBB100E60CEE /* Products */ = {
			isa = PBXGroup;
			children = (
				3F865319281BEBB100E60CEE /* SkvortsovaEx.app */,
			);
			name = Products;
			sourceTree = "<group>";
		};
		3F86531B281BEBB100E60CEE /* SkvortsovaEx */ = {
			isa = PBXGroup;
			children = (
				3F865336281BEED000E60CEE /* Fonts */,
				3F86531C281BEBB100E60CEE /* AppDelegate.swift */,
				3F86531E281BEBB100E60CEE /* SceneDelegate.swift */,
				3F865320281BEBB100E60CEE /* SingInViewController.swift */,
				3F865322281BEBB100E60CEE /* Main.storyboard */,
				3F865325281BEBB200E60CEE /* Assets.xcassets */,
				3F865327281BEBB200E60CEE /* LaunchScreen.storyboard */,
				3F86532A281BEBB200E60CEE /* Info.plist */,
			);
			path = SkvortsovaEx;
			sourceTree = "<group>";
		};
		3F865336281BEED000E60CEE /* Fonts */ = {
			isa = PBXGroup;
			children = (
				3F86533B281BEF2700E60CEE /* Alegreya-Black.ttf */,
				3F865339281BEF2600E60CEE /* Alegreya-BlackItalic.ttf */,
				3F865342281BEF2700E60CEE /* Alegreya-Bold.ttf */,
				3F865343281BEF2700E60CEE /* Alegreya-BoldItalic.ttf */,
				3F86533A281BEF2700E60CEE /* Alegreya-ExtraBold.ttf */,
				3F865341281BEF2700E60CEE /* Alegreya-ExtraBoldItalic.ttf */,
				3F86533C281BEF2700E60CEE /* Alegreya-Italic.ttf */,
				3F86533D281BEF2700E60CEE /* Alegreya-Medium.ttf */,
				3F86533E281BEF2700E60CEE /* Alegreya-MediumItalic.ttf */,
				3F86533F281BEF2700E60CEE /* Alegreya-Regular.ttf */,
				3F865340281BEF2700E60CEE /* OFL.txt */,
			);
			path = Fonts;
			sourceTree = "<group>";
		};
/* End PBXGroup section */

/* Begin PBXNativeTarget section */
		3F865318281BEBB100E60CEE /* SkvortsovaEx */ = {
			isa = PBXNativeTarget;
			buildConfigurationList = 3F86532D281BEBB200E60CEE /* Build configuration list for PBXNativeTarget "SkvortsovaEx" */;
			buildPhases = (
				3F865315281BEBB100E60CEE /* Sources */,
				3F865316281BEBB100E60CEE /* Frameworks */,
				3F865317281BEBB100E60CEE /* Resources */,
			);
			buildRules = (
			);
			dependencies = (
			);
			name = SkvortsovaEx;
			packageProductDependencies = (
				3F865331281BEC2200E60CEE /* SwiftyJSON */,
				3F865334281BEDE200E60CEE /* Alamofire */,
			);
			productName = SkvortsovaEx;
			productReference = 3F865319281BEBB100E60CEE /* SkvortsovaEx.app */;
			productType = "com.apple.product-type.application";
		};
/* End PBXNativeTarget section */

/* Begin PBXProject section */
		3F865311281BEBB100E60CEE /* Project object */ = {
			isa = PBXProject;
			attributes = {
				BuildIndependentTargetsInParallel = 1;
				LastSwiftUpdateCheck = 1310;
				LastUpgradeCheck = 1310;
				TargetAttributes = {
					3F865318281BEBB100E60CEE = {
						CreatedOnToolsVersion = 13.1;
					};
				};
			};
			buildConfigurationList = 3F865314281BEBB100E60CEE /* Build configuration list for PBXProject "SkvortsovaEx" */;
			compatibilityVersion = "Xcode 13.0";
			developmentRegion = en;
			hasScannedForEncodings = 0;
			knownRegions = (
				en,
				Base,
			);
			mainGroup = 3F865310281BEBB100E60CEE;
			packageReferences = (
				3F865330281BEC2200E60CEE /* XCRemoteSwiftPackageReference "SwiftyJSON" */,
				3F865333281BEDE200E60CEE /* XCRemoteSwiftPackageReference "Alamofire" */,
			);
			productRefGroup = 3F86531A281BEBB100E60CEE /* Products */;
			projectDirPath = "";
			projectRoot = "";
			targets = (
				3F865318281BEBB100E60CEE /* SkvortsovaEx */,
			);
		};
/* End PBXProject section */

/* Begin PBXResourcesBuildPhase section */
		3F865317281BEBB100E60CEE /* Resources */ = {
			isa = PBXResourcesBuildPhase;
			buildActionMask = 2147483647;
			files = (
				3F86534D281BEF2700E60CEE /* Alegreya-Bold.ttf in Resources */,
				3F86534E281BEF2700E60CEE /* Alegreya-BoldItalic.ttf in Resources */,
				3F865329281BEBB200E60CEE /* LaunchScreen.storyboard in Resources */,
				3F86534B281BEF2700E60CEE /* OFL.txt in Resources */,
				3F865349281BEF2700E60CEE /* Alegreya-MediumItalic.ttf in Resources */,
				3F865326281BEBB200E60CEE /* Assets.xcassets in Resources */,
				3F86534A281BEF2700E60CEE /* Alegreya-Regular.ttf in Resources */,
				3F865347281BEF2700E60CEE /* Alegreya-Italic.ttf in Resources */,
				3F865345281BEF2700E60CEE /* Alegreya-ExtraBold.ttf in Resources */,
				3F865344281BEF2700E60CEE /* Alegreya-BlackItalic.ttf in Resources */,
				3F865346281BEF2700E60CEE /* Alegreya-Black.ttf in Resources */,
				3F865324281BEBB100E60CEE /* Main.storyboard in Resources */,
				3F86534C281BEF2700E60CEE /* Alegreya-ExtraBoldItalic.ttf in Resources */,
				3F865348281BEF2700E60CEE /* Alegreya-Medium.ttf in Resources */,
			);
			runOnlyForDeploymentPostprocessing = 0;
		};
/* End PBXResourcesBuildPhase section */

/* Begin PBXSourcesBuildPhase section */
		3F865315281BEBB100E60CEE /* Sources */ = {
			isa = PBXSourcesBuildPhase;
			buildActionMask = 2147483647;
			files = (
				3F865321281BEBB100E60CEE /* SingInViewController.swift in Sources */,
				3F86531D281BEBB100E60CEE /* AppDelegate.swift in Sources */,
				3F86531F281BEBB100E60CEE /* SceneDelegate.swift in Sources */,
			);
			runOnlyForDeploymentPostprocessing = 0;
		};
/* End PBXSourcesBuildPhase section */

/* Begin PBXVariantGroup section */
		3F865322281BEBB100E60CEE /* Main.storyboard */ = {
			isa = PBXVariantGroup;
			children = (
				3F865323281BEBB100E60CEE /* Base */,
			);
			name = Main.storyboard;
			sourceTree = "<group>";
		};
		3F865327281BEBB200E60CEE /* LaunchScreen.storyboard */ = {
			isa = PBXVariantGroup;
			children = (
				3F865328281BEBB200E60CEE /* Base */,
			);
			name = LaunchScreen.storyboard;
			sourceTree = "<group>";
		};
/* End PBXVariantGroup section */

/* Begin XCBuildConfiguration section */
		3F86532B281BEBB200E60CEE /* Debug */ = {
			isa = XCBuildConfiguration;
			buildSettings = {
				ALWAYS_SEARCH_USER_PATHS = NO;
				CLANG_ANALYZER_NONNULL = YES;
				CLANG_ANALYZER_NUMBER_OBJECT_CONVERSION = YES_AGGRESSIVE;
				CLANG_CXX_LANGUAGE_STANDARD = "gnu++17";
				CLANG_CXX_LIBRARY = "libc++";
				CLANG_ENABLE_MODULES = YES;
				CLANG_ENABLE_OBJC_ARC = YES;
				CLANG_ENABLE_OBJC_WEAK = YES;
				CLANG_WARN_BLOCK_CAPTURE_AUTORELEASING = YES;
				CLANG_WARN_BOOL_CONVERSION = YES;
				CLANG_WARN_COMMA = YES;
				CLANG_WARN_CONSTANT_CONVERSION = YES;
				CLANG_WARN_DEPRECATED_OBJC_IMPLEMENTATIONS = YES;
				CLANG_WARN_DIRECT_OBJC_ISA_USAGE = YES_ERROR;
				CLANG_WARN_DOCUMENTATION_COMMENTS = YES;
				CLANG_WARN_EMPTY_BODY = YES;
				CLANG_WARN_ENUM_CONVERSION = YES;
				CLANG_WARN_INFINITE_RECURSION = YES;
				CLANG_WARN_INT_CONVERSION = YES;
				CLANG_WARN_NON_LITERAL_NULL_CONVERSION = YES;
				CLANG_WARN_OBJC_IMPLICIT_RETAIN_SELF = YES;
				CLANG_WARN_OBJC_LITERAL_CONVERSION = YES;
				CLANG_WARN_OBJC_ROOT_CLASS = YES_ERROR;
				CLANG_WARN_QUOTED_INCLUDE_IN_FRAMEWORK_HEADER = YES;
				CLANG_WARN_RANGE_LOOP_ANALYSIS = YES;
				CLANG_WARN_STRICT_PROTOTYPES = YES;
				CLANG_WARN_SUSPICIOUS_MOVE = YES;
				CLANG_WARN_UNGUARDED_AVAILABILITY = YES_AGGRESSIVE;
				CLANG_WARN_UNREACHABLE_CODE = YES;
				CLANG_WARN__DUPLICATE_METHOD_MATCH = YES;
				COPY_PHASE_STRIP = NO;
				DEBUG_INFORMATION_FORMAT = dwarf;
				ENABLE_STRICT_OBJC_MSGSEND = YES;
				ENABLE_TESTABILITY = YES;
				GCC_C_LANGUAGE_STANDARD = gnu11;
				GCC_DYNAMIC_NO_PIC = NO;
				GCC_NO_COMMON_BLOCKS = YES;
				GCC_OPTIMIZATION_LEVEL = 0;
				GCC_PREPROCESSOR_DEFINITIONS = (
					"DEBUG=1",
					"$(inherited)",
				);
				GCC_WARN_64_TO_32_BIT_CONVERSION = YES;
				GCC_WARN_ABOUT_RETURN_TYPE = YES_ERROR;
				GCC_WARN_UNDECLARED_SELECTOR = YES;
				GCC_WARN_UNINITIALIZED_AUTOS = YES_AGGRESSIVE;
				GCC_WARN_UNUSED_FUNCTION = YES;
				GCC_WARN_UNUSED_VARIABLE = YES;
				IPHONEOS_DEPLOYMENT_TARGET = 13.0;
				MTL_ENABLE_DEBUG_INFO = INCLUDE_SOURCE;
				MTL_FAST_MATH = YES;
				ONLY_ACTIVE_ARCH = YES;
				SDKROOT = iphoneos;
				SWIFT_ACTIVE_COMPILATION_CONDITIONS = DEBUG;
				SWIFT_OPTIMIZATION_LEVEL = "-Onone";
			};
			name = Debug;
		};
		3F86532C281BEBB200E60CEE /* Release */ = {
			isa = XCBuildConfiguration;
			buildSettings = {
				ALWAYS_SEARCH_USER_PATHS = NO;
				CLANG_ANALYZER_NONNULL = YES;
				CLANG_ANALYZER_NUMBER_OBJECT_CONVERSION = YES_AGGRESSIVE;
				CLANG_CXX_LANGUAGE_STANDARD = "gnu++17";
				CLANG_CXX_LIBRARY = "libc++";
				CLANG_ENABLE_MODULES = YES;
				CLANG_ENABLE_OBJC_ARC = YES;
				CLANG_ENABLE_OBJC_WEAK = YES;
				CLANG_WARN_BLOCK_CAPTURE_AUTORELEASING = YES;
				CLANG_WARN_BOOL_CONVERSION = YES;
				CLANG_WARN_COMMA = YES;
				CLANG_WARN_CONSTANT_CONVERSION = YES;
				CLANG_WARN_DEPRECATED_OBJC_IMPLEMENTATIONS = YES;
				CLANG_WARN_DIRECT_OBJC_ISA_USAGE = YES_ERROR;
				CLANG_WARN_DOCUMENTATION_COMMENTS = YES;
				CLANG_WARN_EMPTY_BODY = YES;
				CLANG_WARN_ENUM_CONVERSION = YES;
				CLANG_WARN_INFINITE_RECURSION = YES;
				CLANG_WARN_INT_CONVERSION = YES;
				CLANG_WARN_NON_LITERAL_NULL_CONVERSION = YES;
				CLANG_WARN_OBJC_IMPLICIT_RETAIN_SELF = YES;
				CLANG_WARN_OBJC_LITERAL_CONVERSION = YES;
				CLANG_WARN_OBJC_ROOT_CLASS = YES_ERROR;
				CLANG_WARN_QUOTED_INCLUDE_IN_FRAMEWORK_HEADER = YES;
				CLANG_WARN_RANGE_LOOP_ANALYSIS = YES;
				CLANG_WARN_STRICT_PROTOTYPES = YES;
				CLANG_WARN_SUSPICIOUS_MOVE = YES;
				CLANG_WARN_UNGUARDED_AVAILABILITY = YES_AGGRESSIVE;
				CLANG_WARN_UNREACHABLE_CODE = YES;
				CLANG_WARN__DUPLICATE_METHOD_MATCH = YES;
				COPY_PHASE_STRIP = NO;
				DEBUG_INFORMATION_FORMAT = "dwarf-with-dsym";
				ENABLE_NS_ASSERTIONS = NO;
				ENABLE_STRICT_OBJC_MSGSEND = YES;
				GCC_C_LANGUAGE_STANDARD = gnu11;
				GCC_NO_COMMON_BLOCKS = YES;
				GCC_WARN_64_TO_32_BIT_CONVERSION = YES;
				GCC_WARN_ABOUT_RETURN_TYPE = YES_ERROR;
				GCC_WARN_UNDECLARED_SELECTOR = YES;
				GCC_WARN_UNINITIALIZED_AUTOS = YES_AGGRESSIVE;
				GCC_WARN_UNUSED_FUNCTION = YES;
				GCC_WARN_UNUSED_VARIABLE = YES;
				IPHONEOS_DEPLOYMENT_TARGET = 13.0;
				MTL_ENABLE_DEBUG_INFO = NO;
				MTL_FAST_MATH = YES;
				SDKROOT = iphoneos;
				SWIFT_COMPILATION_MODE = wholemodule;
				SWIFT_OPTIMIZATION_LEVEL = "-O";
				VALIDATE_PRODUCT = YES;
			};
			name = Release;
		};
		3F86532E281BEBB200E60CEE /* Debug */ = {
			isa = XCBuildConfiguration;
			buildSettings = {
				ASSETCATALOG_COMPILER_APPICON_NAME = AppIcon;
				ASSETCATALOG_COMPILER_GLOBAL_ACCENT_COLOR_NAME = AccentColor;
				CODE_SIGN_STYLE = Automatic;
				CURRENT_PROJECT_VERSION = 1;
				DEVELOPMENT_TEAM = YN2W87B929;
				GENERATE_INFOPLIST_FILE = YES;
				INFOPLIST_FILE = SkvortsovaEx/Info.plist;
				INFOPLIST_KEY_UIApplicationSupportsIndirectInputEvents = YES;
				INFOPLIST_KEY_UILaunchStoryboardName = LaunchScreen;
				INFOPLIST_KEY_UIMainStoryboardFile = Main;
				INFOPLIST_KEY_UISupportedInterfaceOrientations_iPad = "UIInterfaceOrientationPortrait UIInterfaceOrientationPortraitUpsideDown UIInterfaceOrientationLandscapeLeft UIInterfaceOrientationLandscapeRight";
				INFOPLIST_KEY_UISupportedInterfaceOrientations_iPhone = "UIInterfaceOrientationPortrait UIInterfaceOrientationLandscapeLeft UIInterfaceOrientationLandscapeRight";
				IPHONEOS_DEPLOYMENT_TARGET = 13.0;
				LD_RUNPATH_SEARCH_PATHS = (
					"$(inherited)",
					"@executable_path/Frameworks",
				);
				MARKETING_VERSION = 1.0;
				PRODUCT_BUNDLE_IDENTIFIER = kp11.SkvortsovaEx;
				PRODUCT_NAME = "$(TARGET_NAME)";
				SWIFT_EMIT_LOC_STRINGS = YES;
				SWIFT_VERSION = 5.0;
				TARGETED_DEVICE_FAMILY = 1;
			};
			name = Debug;
		};
		3F86532F281BEBB200E60CEE /* Release */ = {
			isa = XCBuildConfiguration;
			buildSettings = {
				ASSETCATALOG_COMPILER_APPICON_NAME = AppIcon;
				ASSETCATALOG_COMPILER_GLOBAL_ACCENT_COLOR_NAME = AccentColor;
				CODE_SIGN_STYLE = Automatic;
				CURRENT_PROJECT_VERSION = 1;
				DEVELOPMENT_TEAM = YN2W87B929;
				GENERATE_INFOPLIST_FILE = YES;
				INFOPLIST_FILE = SkvortsovaEx/Info.plist;
				INFOPLIST_KEY_UIApplicationSupportsIndirectInputEvents = YES;
				INFOPLIST_KEY_UILaunchStoryboardName = LaunchScreen;
				INFOPLIST_KEY_UIMainStoryboardFile = Main;
				INFOPLIST_KEY_UISupportedInterfaceOrientations_iPad = "UIInterfaceOrientationPortrait UIInterfaceOrientationPortraitUpsideDown UIInterfaceOrientationLandscapeLeft UIInterfaceOrientationLandscapeRight";
				INFOPLIST_KEY_UISupportedInterfaceOrientations_iPhone = "UIInterfaceOrientationPortrait UIInterfaceOrientationLandscapeLeft UIInterfaceOrientationLandscapeRight";
				IPHONEOS_DEPLOYMENT_TARGET = 13.0;
				LD_RUNPATH_SEARCH_PATHS = (
					"$(inherited)",
					"@executable_path/Frameworks",
				);
				MARKETING_VERSION = 1.0;
				PRODUCT_BUNDLE_IDENTIFIER = kp11.SkvortsovaEx;
				PRODUCT_NAME = "$(TARGET_NAME)";
				SWIFT_EMIT_LOC_STRINGS = YES;
				SWIFT_VERSION = 5.0;
				TARGETED_DEVICE_FAMILY = 1;
			};
			name = Release;
		};
/* End XCBuildConfiguration section */

/* Begin XCConfigurationList section */
		3F865314281BEBB100E60CEE /* Build configuration list for PBXProject "SkvortsovaEx" */ = {
			isa = XCConfigurationList;
			buildConfigurations = (
				3F86532B281BEBB200E60CEE /* Debug */,
				3F86532C281BEBB200E60CEE /* Release */,
			);
			defaultConfigurationIsVisible = 0;
			defaultConfigurationName = Release;
		};
		3F86532D281BEBB200E60CEE /* Build configuration list for PBXNativeTarget "SkvortsovaEx" */ = {
			isa = XCConfigurationList;
			buildConfigurations = (
				3F86532E281BEBB200E60CEE /* Debug */,
				3F86532F281BEBB200E60CEE /* Release */,
			);
			defaultConfigurationIsVisible = 0;
			defaultConfigurationName = Release;
		};
/* End XCConfigurationList section */

/* Begin XCRemoteSwiftPackageReference section */
		3F865330281BEC2200E60CEE /* XCRemoteSwiftPackageReference "SwiftyJSON" */ = {
			isa = XCRemoteSwiftPackageReference;
			repositoryURL = "https://github.com/SwiftyJSON/SwiftyJSON.git";
			requirement = {
				branch = master;
				kind = branch;
			};
		};
		3F865333281BEDE200E60CEE /* XCRemoteSwiftPackageReference "Alamofire" */ = {
			isa = XCRemoteSwiftPackageReference;
			repositoryURL = "https://github.com/Alamofire/Alamofire.git";
			requirement = {
				branch = master;
				kind = branch;
			};
		};
/* End XCRemoteSwiftPackageReference section */

/* Begin XCSwiftPackageProductDependency section */
		3F865331281BEC2200E60CEE /* SwiftyJSON */ = {
			isa = XCSwiftPackageProductDependency;
			package = 3F865330281BEC2200E60CEE /* XCRemoteSwiftPackageReference "SwiftyJSON" */;
			productName = SwiftyJSON;
		};
		3F865334281BEDE200E60CEE /* Alamofire */ = {
			isa = XCSwiftPackageProductDependency;
			package = 3F865333281BEDE200E60CEE /* XCRemoteSwiftPackageReference "Alamofire" */;
			productName = Alamofire;
		};
/* End XCSwiftPackageProductDependency section */
	};
	rootObject = 3F865311281BEBB100E60CEE /* Project object */;
}
